
Microsoft Visual Studio Solution File, Format Version 12.00
# Visual Studio Version 17
VisualStudioVersion = 17.0.31903.59
MinimumVisualStudioVersion = 10.0.40219.1
Project("{FAE04EC0-301F-11D3-BF4B-00C04F79EFBC}") = "Play", "Play\Play.csproj", "{0EDCF2D0-D1B4-40C0-98BE-72CD7D7D5056}"
EndProject
Project("{2150E333-8FDC-42A3-9474-1A3956D46DE8}") = "Solution Items", "Solution Items", "{3F44E96D-8D41-4CFC-9AA4-F6349A378CE1}"
	ProjectSection(SolutionItems) = preProject
		compose.yaml = compose.yaml
	EndProjectSection
EndProject
Project("{FAE04EC0-301F-11D3-BF4B-00C04F79EFBC}") = "api", "api\api.csproj", "{45C2252E-17FE-4CB6-8524-842145CC1DB1}"
EndProject
Global
	GlobalSection(SolutionConfigurationPlatforms) = preSolution
		Debug|Any CPU = Debug|Any CPU
		Release|Any CPU = Release|Any CPU
	EndGlobalSection
	GlobalSection(SolutionProperties) = preSolution
		HideSolutionNode = FALSE
	EndGlobalSection
	GlobalSection(ProjectConfigurationPlatforms) = postSolution
		{0EDCF2D0-D1B4-40C0-98BE-72CD7D7D5056}.Debug|Any CPU.ActiveCfg = Debug|Any CPU
		{0EDCF2D0-D1B4-40C0-98BE-72CD7D7D5056}.Debug|Any CPU.Build.0 = Debug|Any CPU
		{0EDCF2D0-D1B4-40C0-98BE-72CD7D7D5056}.Release|Any CPU.ActiveCfg = Release|Any CPU
		{0EDCF2D0-D1B4-40C0-98BE-72CD7D7D5056}.Release|Any CPU.Build.0 = Release|Any CPU
		{7AD75A05-0A65-4DE8-BC50-FB9CE24BC7BE}.Debug|Any CPU.ActiveCfg = Debug|Any CPU
		{7AD75A05-0A65-4DE8-BC50-FB9CE24BC7BE}.Debug|Any CPU.Build.0 = Debug|Any CPU
		{7AD75A05-0A65-4DE8-BC50-FB9CE24BC7BE}.Release|Any CPU.ActiveCfg = Release|Any CPU
		{7AD75A05-0A65-4DE8-BC50-FB9CE24BC7BE}.Release|Any CPU.Build.0 = Release|Any CPU
		{45C2252E-17FE-4CB6-8524-842145CC1DB1}.Debug|Any CPU.ActiveCfg = Debug|Any CPU
		{45C2252E-17FE-4CB6-8524-842145CC1DB1}.Debug|Any CPU.Build.0 = Debug|Any CPU
		{45C2252E-17FE-4CB6-8524-842145CC1DB1}.Release|Any CPU.ActiveCfg = Release|Any CPU
		{45C2252E-17FE-4CB6-8524-842145CC1DB1}.Release|Any CPU.Build.0 = Release|Any CPU
	EndGlobalSection
EndGlobal
